// !$*UTF8*$!
{
	archiveVersion = 1;
	classes = {
	};
	objectVersion = 50;
	objects = {

/* Begin PBXBuildFile section */
		326B7DD721F025D700E8DF34 /* FullName.swift in Sources */ = {isa = PBXBuildFile; fileRef = 326B7DD621F025D700E8DF34 /* FullName.swift */; };
		326B7DDA21F0271700E8DF34 /* Birthday.swift in Sources */ = {isa = PBXBuildFile; fileRef = 326B7DD921F0271700E8DF34 /* Birthday.swift */; };
		326B7DDC21F0279800E8DF34 /* Month.swift in Sources */ = {isa = PBXBuildFile; fileRef = 326B7DDB21F0279800E8DF34 /* Month.swift */; };
		326B7DDF21F028B700E8DF34 /* Int.swift in Sources */ = {isa = PBXBuildFile; fileRef = 326B7DDE21F028B700E8DF34 /* Int.swift */; };
		326B7DE121F02BA700E8DF34 /* EntityType.swift in Sources */ = {isa = PBXBuildFile; fileRef = 326B7DE021F02BA700E8DF34 /* EntityType.swift */; };
		326B7DE321F02CB200E8DF34 /* Gender.swift in Sources */ = {isa = PBXBuildFile; fileRef = 326B7DE221F02CB200E8DF34 /* Gender.swift */; };
		326B7DE621F02D6300E8DF34 /* PostTitle.swift in Sources */ = {isa = PBXBuildFile; fileRef = 326B7DE521F02D6300E8DF34 /* PostTitle.swift */; };
		326B7DE821F02DAF00E8DF34 /* SharedBy.swift in Sources */ = {isa = PBXBuildFile; fileRef = 326B7DE721F02DAF00E8DF34 /* SharedBy.swift */; };
		326B7DEA21F02E4100E8DF34 /* Author.swift in Sources */ = {isa = PBXBuildFile; fileRef = 326B7DE921F02E4100E8DF34 /* Author.swift */; };
		326B7DEC21F02E7100E8DF34 /* Shareable.swift in Sources */ = {isa = PBXBuildFile; fileRef = 326B7DEB21F02E7100E8DF34 /* Shareable.swift */; };
		326B7DEE21F02EF700E8DF34 /* OnlineReference.swift in Sources */ = {isa = PBXBuildFile; fileRef = 326B7DED21F02EF700E8DF34 /* OnlineReference.swift */; };
		326B7DF021F02F4700E8DF34 /* Email.swift in Sources */ = {isa = PBXBuildFile; fileRef = 326B7DEF21F02F4700E8DF34 /* Email.swift */; };
		326B7DF221F02F7900E8DF34 /* PhoneNumber.swift in Sources */ = {isa = PBXBuildFile; fileRef = 326B7DF121F02F7900E8DF34 /* PhoneNumber.swift */; };
		326B7DF421F0312100E8DF34 /* Biography.swift in Sources */ = {isa = PBXBuildFile; fileRef = 326B7DF321F0312100E8DF34 /* Biography.swift */; };
		32AD7F9521CA0174005B75D0 /* AppDelegate.swift in Sources */ = {isa = PBXBuildFile; fileRef = 32AD7F9421CA0174005B75D0 /* AppDelegate.swift */; };
		32AD7F9A21CA0174005B75D0 /* Welcome.storyboard in Resources */ = {isa = PBXBuildFile; fileRef = 32AD7F9821CA0174005B75D0 /* Welcome.storyboard */; };
		32AD7F9C21CA0176005B75D0 /* Assets.xcassets in Resources */ = {isa = PBXBuildFile; fileRef = 32AD7F9B21CA0176005B75D0 /* Assets.xcassets */; };
		32AD7F9F21CA0176005B75D0 /* LaunchScreen.storyboard in Resources */ = {isa = PBXBuildFile; fileRef = 32AD7F9D21CA0176005B75D0 /* LaunchScreen.storyboard */; };
		32AD7FA921CA14C0005B75D0 /* Token.swift in Sources */ = {isa = PBXBuildFile; fileRef = 32AD7FA821CA14C0005B75D0 /* Token.swift */; };
		32AD7FB221CA222B005B75D0 /* Cartfile in Resources */ = {isa = PBXBuildFile; fileRef = 32AD7FB121CA222B005B75D0 /* Cartfile */; };
		32AD7FBE21CA2441005B75D0 /* Strongbox.framework in Frameworks */ = {isa = PBXBuildFile; fileRef = 32AD7FBD21CA2441005B75D0 /* Strongbox.framework */; };
		32AD7FC121CA2952005B75D0 /* Data+Security.swift in Sources */ = {isa = PBXBuildFile; fileRef = 32AD7FC021CA2952005B75D0 /* Data+Security.swift */; };
		32AD7FC521CA30F8005B75D0 /* Networking.swift in Sources */ = {isa = PBXBuildFile; fileRef = 32AD7FC421CA30F8005B75D0 /* Networking.swift */; };
		32AD7FC921CA98A1005B75D0 /* RxCocoa.framework in Frameworks */ = {isa = PBXBuildFile; fileRef = 32AD7FC821CA98A1005B75D0 /* RxCocoa.framework */; };
		32AD7FCB21CA98A9005B75D0 /* RxSwift.framework in Frameworks */ = {isa = PBXBuildFile; fileRef = 32AD7FCA21CA98A9005B75D0 /* RxSwift.framework */; };
		32AD7FCD21CA9F87005B75D0 /* CryptoSwift.framework in Frameworks */ = {isa = PBXBuildFile; fileRef = 32AD7FCC21CA9F87005B75D0 /* CryptoSwift.framework */; };
		32AD7FD121CAA424005B75D0 /* VerificationKey.swift in Sources */ = {isa = PBXBuildFile; fileRef = 32AD7FD021CAA424005B75D0 /* VerificationKey.swift */; };
		32AD7FD321CAA4FA005B75D0 /* EncryptionKey.swift in Sources */ = {isa = PBXBuildFile; fileRef = 32AD7FD221CAA4FA005B75D0 /* EncryptionKey.swift */; };
		32AD7FD521CAAB50005B75D0 /* Storage.swift in Sources */ = {isa = PBXBuildFile; fileRef = 32AD7FD421CAAB50005B75D0 /* Storage.swift */; };
		32AD7FD821CAAE63005B75D0 /* QRCode.framework in Frameworks */ = {isa = PBXBuildFile; fileRef = 32AD7FD721CAAE63005B75D0 /* QRCode.framework */; };
		32AD7FDC21CB0E83005B75D0 /* Signed.swift in Sources */ = {isa = PBXBuildFile; fileRef = 32AD7FDB21CB0E83005B75D0 /* Signed.swift */; };
		32AD7FDE21CB0F77005B75D0 /* Encrypted.swift in Sources */ = {isa = PBXBuildFile; fileRef = 32AD7FDD21CB0F76005B75D0 /* Encrypted.swift */; };
		32AD7FE221CB10FF005B75D0 /* KeyPair.swift in Sources */ = {isa = PBXBuildFile; fileRef = 32AD7FE121CB10FF005B75D0 /* KeyPair.swift */; };
		32AD7FE521CB1764005B75D0 /* AlectroenasMadagascariensis.swift in Sources */ = {isa = PBXBuildFile; fileRef = 32AD7FE421CB1764005B75D0 /* AlectroenasMadagascariensis.swift */; };
		32AD7FE721CB19FB005B75D0 /* PigeonProtocol.swift in Sources */ = {isa = PBXBuildFile; fileRef = 32AD7FE621CB19FB005B75D0 /* PigeonProtocol.swift */; };
		32AD7FEC21CB6D1F005B75D0 /* KeyManager.swift in Sources */ = {isa = PBXBuildFile; fileRef = 32AD7FEB21CB6D1F005B75D0 /* KeyManager.swift */; };
		32AD7FEE21CBF06E005B75D0 /* Compressed.swift in Sources */ = {isa = PBXBuildFile; fileRef = 32AD7FED21CBF06E005B75D0 /* Compressed.swift */; };
		32AD7FF021CBF24B005B75D0 /* Gzip.framework in Frameworks */ = {isa = PBXBuildFile; fileRef = 32AD7FEF21CBF24B005B75D0 /* Gzip.framework */; };
		32AD7FF321CC578D005B75D0 /* Serializer.swift in Sources */ = {isa = PBXBuildFile; fileRef = 32AD7FF221CC578D005B75D0 /* Serializer.swift */; };
		32AD7FFF21E180B2005B75D0 /* PigeonViewController.swift in Sources */ = {isa = PBXBuildFile; fileRef = 32AD7FFE21E180B2005B75D0 /* PigeonViewController.swift */; };
		32AD800921E19CDE005B75D0 /* LimitingScheduler.swift in Sources */ = {isa = PBXBuildFile; fileRef = 32AD800821E19CDE005B75D0 /* LimitingScheduler.swift */; };
		32AD800E21E1AC88005B75D0 /* UIView+Constraints.swift in Sources */ = {isa = PBXBuildFile; fileRef = 32AD800D21E1AC88005B75D0 /* UIView+Constraints.swift */; };
		32AD801021E2883F005B75D0 /* Colors.xcassets in Resources */ = {isa = PBXBuildFile; fileRef = 32AD800F21E2883F005B75D0 /* Colors.xcassets */; };
		32AD801221E288D4005B75D0 /* UIColor+Named.swift in Sources */ = {isa = PBXBuildFile; fileRef = 32AD801121E288D4005B75D0 /* UIColor+Named.swift */; };
		32AD801421E29A0D005B75D0 /* SQLite.framework in Frameworks */ = {isa = PBXBuildFile; fileRef = 32AD801321E29A0D005B75D0 /* SQLite.framework */; };
		32AD801621E29FE5005B75D0 /* Component.swift in Sources */ = {isa = PBXBuildFile; fileRef = 32AD801521E29FE5005B75D0 /* Component.swift */; };
		32AD801921E2A04B005B75D0 /* Entity.swift in Sources */ = {isa = PBXBuildFile; fileRef = 32AD801821E2A04B005B75D0 /* Entity.swift */; };
		32AD801B21E2A184005B75D0 /* System.swift in Sources */ = {isa = PBXBuildFile; fileRef = 32AD801A21E2A184005B75D0 /* System.swift */; };
/* End PBXBuildFile section */

/* Begin PBXCopyFilesBuildPhase section */
		32AD7FB621CA22E9005B75D0 /* Embed Frameworks */ = {
			isa = PBXCopyFilesBuildPhase;
			buildActionMask = 2147483647;
			dstPath = "";
			dstSubfolderSpec = 10;
			files = (
			);
			name = "Embed Frameworks";
			runOnlyForDeploymentPostprocessing = 0;
		};
/* End PBXCopyFilesBuildPhase section */

/* Begin PBXFileReference section */
		326B7DD621F025D700E8DF34 /* FullName.swift */ = {isa = PBXFileReference; lastKnownFileType = sourcecode.swift; path = FullName.swift; sourceTree = "<group>"; };
		326B7DD921F0271700E8DF34 /* Birthday.swift */ = {isa = PBXFileReference; lastKnownFileType = sourcecode.swift; path = Birthday.swift; sourceTree = "<group>"; };
		326B7DDB21F0279800E8DF34 /* Month.swift */ = {isa = PBXFileReference; lastKnownFileType = sourcecode.swift; path = Month.swift; sourceTree = "<group>"; };
		326B7DDE21F028B700E8DF34 /* Int.swift */ = {isa = PBXFileReference; lastKnownFileType = sourcecode.swift; path = Int.swift; sourceTree = "<group>"; };
		326B7DE021F02BA700E8DF34 /* EntityType.swift */ = {isa = PBXFileReference; lastKnownFileType = sourcecode.swift; path = EntityType.swift; sourceTree = "<group>"; };
		326B7DE221F02CB200E8DF34 /* Gender.swift */ = {isa = PBXFileReference; lastKnownFileType = sourcecode.swift; path = Gender.swift; sourceTree = "<group>"; };
		326B7DE521F02D6300E8DF34 /* PostTitle.swift */ = {isa = PBXFileReference; lastKnownFileType = sourcecode.swift; path = PostTitle.swift; sourceTree = "<group>"; };
		326B7DE721F02DAF00E8DF34 /* SharedBy.swift */ = {isa = PBXFileReference; lastKnownFileType = sourcecode.swift; path = SharedBy.swift; sourceTree = "<group>"; };
		326B7DE921F02E4100E8DF34 /* Author.swift */ = {isa = PBXFileReference; lastKnownFileType = sourcecode.swift; path = Author.swift; sourceTree = "<group>"; };
		326B7DEB21F02E7100E8DF34 /* Shareable.swift */ = {isa = PBXFileReference; lastKnownFileType = sourcecode.swift; path = Shareable.swift; sourceTree = "<group>"; };
		326B7DED21F02EF700E8DF34 /* OnlineReference.swift */ = {isa = PBXFileReference; lastKnownFileType = sourcecode.swift; path = OnlineReference.swift; sourceTree = "<group>"; };
		326B7DEF21F02F4700E8DF34 /* Email.swift */ = {isa = PBXFileReference; lastKnownFileType = sourcecode.swift; path = Email.swift; sourceTree = "<group>"; };
		326B7DF121F02F7900E8DF34 /* PhoneNumber.swift */ = {isa = PBXFileReference; lastKnownFileType = sourcecode.swift; path = PhoneNumber.swift; sourceTree = "<group>"; };
		326B7DF321F0312100E8DF34 /* Biography.swift */ = {isa = PBXFileReference; lastKnownFileType = sourcecode.swift; path = Biography.swift; sourceTree = "<group>"; };
		32AD7F9121CA0174005B75D0 /* Pigeon.app */ = {isa = PBXFileReference; explicitFileType = wrapper.application; includeInIndex = 0; path = Pigeon.app; sourceTree = BUILT_PRODUCTS_DIR; };
		32AD7F9421CA0174005B75D0 /* AppDelegate.swift */ = {isa = PBXFileReference; lastKnownFileType = sourcecode.swift; path = AppDelegate.swift; sourceTree = "<group>"; };
		32AD7F9921CA0174005B75D0 /* Base */ = {isa = PBXFileReference; lastKnownFileType = file.storyboard; name = Base; path = Base.lproj/Welcome.storyboard; sourceTree = "<group>"; };
		32AD7F9B21CA0176005B75D0 /* Assets.xcassets */ = {isa = PBXFileReference; lastKnownFileType = folder.assetcatalog; path = Assets.xcassets; sourceTree = "<group>"; };
		32AD7F9E21CA0176005B75D0 /* Base */ = {isa = PBXFileReference; lastKnownFileType = file.storyboard; name = Base; path = Base.lproj/LaunchScreen.storyboard; sourceTree = "<group>"; };
		32AD7FA021CA0176005B75D0 /* Info.plist */ = {isa = PBXFileReference; lastKnownFileType = text.plist.xml; path = Info.plist; sourceTree = "<group>"; };
		32AD7FA821CA14C0005B75D0 /* Token.swift */ = {isa = PBXFileReference; lastKnownFileType = sourcecode.swift; path = Token.swift; sourceTree = "<group>"; };
		32AD7FB121CA222B005B75D0 /* Cartfile */ = {isa = PBXFileReference; fileEncoding = 4; lastKnownFileType = text; path = Cartfile; sourceTree = "<group>"; };
		32AD7FBD21CA2441005B75D0 /* Strongbox.framework */ = {isa = PBXFileReference; lastKnownFileType = wrapper.framework; name = Strongbox.framework; path = Carthage/Build/iOS/Strongbox.framework; sourceTree = "<group>"; };
		32AD7FC021CA2952005B75D0 /* Data+Security.swift */ = {isa = PBXFileReference; lastKnownFileType = sourcecode.swift; path = "Data+Security.swift"; sourceTree = "<group>"; };
		32AD7FC221CA2E4F005B75D0 /* EllipticCurveKeyPair.framework */ = {isa = PBXFileReference; lastKnownFileType = wrapper.framework; name = EllipticCurveKeyPair.framework; path = Carthage/Build/iOS/EllipticCurveKeyPair.framework; sourceTree = "<group>"; };
		32AD7FC421CA30F8005B75D0 /* Networking.swift */ = {isa = PBXFileReference; lastKnownFileType = sourcecode.swift; path = Networking.swift; sourceTree = "<group>"; };
		32AD7FC621CA989B005B75D0 /* RxCocoa.framework.dSYM */ = {isa = PBXFileReference; lastKnownFileType = wrapper.dsym; name = RxCocoa.framework.dSYM; path = Carthage/Build/iOS/RxCocoa.framework.dSYM; sourceTree = "<group>"; };
		32AD7FC821CA98A1005B75D0 /* RxCocoa.framework */ = {isa = PBXFileReference; lastKnownFileType = wrapper.framework; name = RxCocoa.framework; path = Carthage/Build/iOS/RxCocoa.framework; sourceTree = "<group>"; };
		32AD7FCA21CA98A9005B75D0 /* RxSwift.framework */ = {isa = PBXFileReference; lastKnownFileType = wrapper.framework; name = RxSwift.framework; path = Carthage/Build/iOS/RxSwift.framework; sourceTree = "<group>"; };
		32AD7FCC21CA9F87005B75D0 /* CryptoSwift.framework */ = {isa = PBXFileReference; lastKnownFileType = wrapper.framework; name = CryptoSwift.framework; path = Carthage/Build/iOS/CryptoSwift.framework; sourceTree = "<group>"; };
		32AD7FD021CAA424005B75D0 /* VerificationKey.swift */ = {isa = PBXFileReference; lastKnownFileType = sourcecode.swift; path = VerificationKey.swift; sourceTree = "<group>"; };
		32AD7FD221CAA4FA005B75D0 /* EncryptionKey.swift */ = {isa = PBXFileReference; lastKnownFileType = sourcecode.swift; path = EncryptionKey.swift; sourceTree = "<group>"; };
		32AD7FD421CAAB50005B75D0 /* Storage.swift */ = {isa = PBXFileReference; fileEncoding = 4; lastKnownFileType = sourcecode.swift; path = Storage.swift; sourceTree = "<group>"; };
		32AD7FD721CAAE63005B75D0 /* QRCode.framework */ = {isa = PBXFileReference; lastKnownFileType = wrapper.framework; name = QRCode.framework; path = Carthage/Build/iOS/QRCode.framework; sourceTree = "<group>"; };
		32AD7FDB21CB0E83005B75D0 /* Signed.swift */ = {isa = PBXFileReference; lastKnownFileType = sourcecode.swift; path = Signed.swift; sourceTree = "<group>"; };
		32AD7FDD21CB0F76005B75D0 /* Encrypted.swift */ = {isa = PBXFileReference; lastKnownFileType = sourcecode.swift; path = Encrypted.swift; sourceTree = "<group>"; };
		32AD7FE121CB10FF005B75D0 /* KeyPair.swift */ = {isa = PBXFileReference; lastKnownFileType = sourcecode.swift; path = KeyPair.swift; sourceTree = "<group>"; };
		32AD7FE421CB1764005B75D0 /* AlectroenasMadagascariensis.swift */ = {isa = PBXFileReference; lastKnownFileType = sourcecode.swift; path = AlectroenasMadagascariensis.swift; sourceTree = "<group>"; };
		32AD7FE621CB19FB005B75D0 /* PigeonProtocol.swift */ = {isa = PBXFileReference; lastKnownFileType = sourcecode.swift; path = PigeonProtocol.swift; sourceTree = "<group>"; };
		32AD7FEB21CB6D1F005B75D0 /* KeyManager.swift */ = {isa = PBXFileReference; lastKnownFileType = sourcecode.swift; path = KeyManager.swift; sourceTree = "<group>"; };
		32AD7FED21CBF06E005B75D0 /* Compressed.swift */ = {isa = PBXFileReference; lastKnownFileType = sourcecode.swift; path = Compressed.swift; sourceTree = "<group>"; };
		32AD7FEF21CBF24B005B75D0 /* Gzip.framework */ = {isa = PBXFileReference; lastKnownFileType = wrapper.framework; name = Gzip.framework; path = Carthage/Build/iOS/Gzip.framework; sourceTree = "<group>"; };
		32AD7FF221CC578D005B75D0 /* Serializer.swift */ = {isa = PBXFileReference; lastKnownFileType = sourcecode.swift; path = Serializer.swift; sourceTree = "<group>"; };
		32AD7FFE21E180B2005B75D0 /* PigeonViewController.swift */ = {isa = PBXFileReference; lastKnownFileType = sourcecode.swift; path = PigeonViewController.swift; sourceTree = "<group>"; };
		32AD800821E19CDE005B75D0 /* LimitingScheduler.swift */ = {isa = PBXFileReference; lastKnownFileType = sourcecode.swift; path = LimitingScheduler.swift; sourceTree = "<group>"; };
		32AD800D21E1AC88005B75D0 /* UIView+Constraints.swift */ = {isa = PBXFileReference; lastKnownFileType = sourcecode.swift; path = "UIView+Constraints.swift"; sourceTree = "<group>"; };
		32AD800F21E2883F005B75D0 /* Colors.xcassets */ = {isa = PBXFileReference; lastKnownFileType = folder.assetcatalog; path = Colors.xcassets; sourceTree = "<group>"; };
		32AD801121E288D4005B75D0 /* UIColor+Named.swift */ = {isa = PBXFileReference; lastKnownFileType = sourcecode.swift; path = "UIColor+Named.swift"; sourceTree = "<group>"; };
		32AD801321E29A0D005B75D0 /* SQLite.framework */ = {isa = PBXFileReference; lastKnownFileType = wrapper.framework; name = SQLite.framework; path = Carthage/Build/iOS/SQLite.framework; sourceTree = "<group>"; };
		32AD801521E29FE5005B75D0 /* Component.swift */ = {isa = PBXFileReference; lastKnownFileType = sourcecode.swift; path = Component.swift; sourceTree = "<group>"; };
		32AD801821E2A04B005B75D0 /* Entity.swift */ = {isa = PBXFileReference; lastKnownFileType = sourcecode.swift; path = Entity.swift; sourceTree = "<group>"; };
		32AD801A21E2A184005B75D0 /* System.swift */ = {isa = PBXFileReference; lastKnownFileType = sourcecode.swift; path = System.swift; sourceTree = "<group>"; };
/* End PBXFileReference section */

/* Begin PBXFrameworksBuildPhase section */
		32AD7F8E21CA0173005B75D0 /* Frameworks */ = {
			isa = PBXFrameworksBuildPhase;
			buildActionMask = 2147483647;
			files = (
				32AD801421E29A0D005B75D0 /* SQLite.framework in Frameworks */,
				32AD7FBE21CA2441005B75D0 /* Strongbox.framework in Frameworks */,
				32AD7FCD21CA9F87005B75D0 /* CryptoSwift.framework in Frameworks */,
				32AD7FC921CA98A1005B75D0 /* RxCocoa.framework in Frameworks */,
				32AD7FCB21CA98A9005B75D0 /* RxSwift.framework in Frameworks */,
				32AD7FD821CAAE63005B75D0 /* QRCode.framework in Frameworks */,
				32AD7FF021CBF24B005B75D0 /* Gzip.framework in Frameworks */,
			);
			runOnlyForDeploymentPostprocessing = 0;
		};
/* End PBXFrameworksBuildPhase section */

/* Begin PBXGroup section */
		326B7DD021F024C900E8DF34 /* Components */ = {
			isa = PBXGroup;
			children = (
				326B7DE421F02D5D00E8DF34 /* Post */,
				326B7DD821F0270D00E8DF34 /* User */,
				326B7DE021F02BA700E8DF34 /* EntityType.swift */,
			);
			path = Components;
			sourceTree = "<group>";
		};
		326B7DD321F024EC00E8DF34 /* Systems */ = {
			isa = PBXGroup;
			children = (
			);
			path = Systems;
			sourceTree = "<group>";
		};
		326B7DD821F0270D00E8DF34 /* User */ = {
			isa = PBXGroup;
			children = (
				326B7DD621F025D700E8DF34 /* FullName.swift */,
				326B7DD921F0271700E8DF34 /* Birthday.swift */,
				326B7DE221F02CB200E8DF34 /* Gender.swift */,
				326B7DEF21F02F4700E8DF34 /* Email.swift */,
				326B7DF121F02F7900E8DF34 /* PhoneNumber.swift */,
				326B7DF321F0312100E8DF34 /* Biography.swift */,
			);
			path = User;
			sourceTree = "<group>";
		};
		326B7DDD21F028AD00E8DF34 /* Swift */ = {
			isa = PBXGroup;
			children = (
				326B7DDE21F028B700E8DF34 /* Int.swift */,
			);
			path = Swift;
			sourceTree = "<group>";
		};
		326B7DE421F02D5D00E8DF34 /* Post */ = {
			isa = PBXGroup;
			children = (
				326B7DE521F02D6300E8DF34 /* PostTitle.swift */,
				326B7DE921F02E4100E8DF34 /* Author.swift */,
				326B7DE721F02DAF00E8DF34 /* SharedBy.swift */,
				326B7DED21F02EF700E8DF34 /* OnlineReference.swift */,
				326B7DEB21F02E7100E8DF34 /* Shareable.swift */,
			);
			path = Post;
			sourceTree = "<group>";
		};
		32AD7F8821CA0173005B75D0 = {
			isa = PBXGroup;
			children = (
				32AD7FB121CA222B005B75D0 /* Cartfile */,
				32AD7F9321CA0174005B75D0 /* Pigeon */,
				32AD7F9221CA0174005B75D0 /* Products */,
				32AD7FBC21CA2441005B75D0 /* Frameworks */,
			);
			sourceTree = "<group>";
		};
		32AD7F9221CA0174005B75D0 /* Products */ = {
			isa = PBXGroup;
			children = (
				32AD7F9121CA0174005B75D0 /* Pigeon.app */,
			);
			name = Products;
			sourceTree = "<group>";
		};
		32AD7F9321CA0174005B75D0 /* Pigeon */ = {
			isa = PBXGroup;
			children = (
				32AD801721E2A039005B75D0 /* ECS */,
				32AD800421E19CAF005B75D0 /* Utility */,
				32AD7FFD21E17CE2005B75D0 /* Components */,
				32AD7FF621D2B4BC005B75D0 /* Serializations */,
				32AD7FD621CAAB5D005B75D0 /* Services */,
				32AD7FA721CA14B7005B75D0 /* Models */,
				32AD7FFB21E05E53005B75D0 /* Scenes */,
				32AD7F9421CA0174005B75D0 /* AppDelegate.swift */,
				32AD7F9D21CA0176005B75D0 /* LaunchScreen.storyboard */,
				32AD7FA021CA0176005B75D0 /* Info.plist */,
				32AD7F9B21CA0176005B75D0 /* Assets.xcassets */,
				32AD800F21E2883F005B75D0 /* Colors.xcassets */,
			);
			path = Pigeon;
			sourceTree = "<group>";
		};
		32AD7FA721CA14B7005B75D0 /* Models */ = {
			isa = PBXGroup;
			children = (
				32AD7FA821CA14C0005B75D0 /* Token.swift */,
				326B7DDB21F0279800E8DF34 /* Month.swift */,
			);
			path = Models;
			sourceTree = "<group>";
		};
		32AD7FBC21CA2441005B75D0 /* Frameworks */ = {
			isa = PBXGroup;
			children = (
				32AD801321E29A0D005B75D0 /* SQLite.framework */,
				32AD7FEF21CBF24B005B75D0 /* Gzip.framework */,
				32AD7FD721CAAE63005B75D0 /* QRCode.framework */,
				32AD7FCC21CA9F87005B75D0 /* CryptoSwift.framework */,
				32AD7FCA21CA98A9005B75D0 /* RxSwift.framework */,
				32AD7FC821CA98A1005B75D0 /* RxCocoa.framework */,
				32AD7FC621CA989B005B75D0 /* RxCocoa.framework.dSYM */,
				32AD7FC221CA2E4F005B75D0 /* EllipticCurveKeyPair.framework */,
				32AD7FBD21CA2441005B75D0 /* Strongbox.framework */,
			);
			name = Frameworks;
			sourceTree = "<group>";
		};
		32AD7FBF21CA2940005B75D0 /* Security */ = {
			isa = PBXGroup;
			children = (
				32AD7FC021CA2952005B75D0 /* Data+Security.swift */,
				32AD7FEB21CB6D1F005B75D0 /* KeyManager.swift */,
				32AD7FE121CB10FF005B75D0 /* KeyPair.swift */,
				32AD7FD021CAA424005B75D0 /* VerificationKey.swift */,
				32AD7FD221CAA4FA005B75D0 /* EncryptionKey.swift */,
				32AD7FDB21CB0E83005B75D0 /* Signed.swift */,
				32AD7FDD21CB0F76005B75D0 /* Encrypted.swift */,
			);
			path = Security;
			sourceTree = "<group>";
		};
		32AD7FD621CAAB5D005B75D0 /* Services */ = {
			isa = PBXGroup;
			children = (
				32AD7FBF21CA2940005B75D0 /* Security */,
				32AD7FE321CB1750005B75D0 /* Networking */,
				32AD7FD421CAAB50005B75D0 /* Storage.swift */,
				32AD7FED21CBF06E005B75D0 /* Compressed.swift */,
			);
			path = Services;
			sourceTree = "<group>";
		};
		32AD7FE321CB1750005B75D0 /* Networking */ = {
			isa = PBXGroup;
			children = (
				32AD7FE821CB1A07005B75D0 /* Protocols */,
				32AD7FC421CA30F8005B75D0 /* Networking.swift */,
			);
			path = Networking;
			sourceTree = "<group>";
		};
		32AD7FE821CB1A07005B75D0 /* Protocols */ = {
			isa = PBXGroup;
			children = (
				32AD7FE621CB19FB005B75D0 /* PigeonProtocol.swift */,
				32AD7FE421CB1764005B75D0 /* AlectroenasMadagascariensis.swift */,
			);
			path = Protocols;
			sourceTree = "<group>";
		};
		32AD7FF621D2B4BC005B75D0 /* Serializations */ = {
			isa = PBXGroup;
			children = (
				32AD7FF221CC578D005B75D0 /* Serializer.swift */,
			);
			path = Serializations;
			sourceTree = "<group>";
		};
		32AD7FFB21E05E53005B75D0 /* Scenes */ = {
			isa = PBXGroup;
			children = (
				32AD7FFC21E05E6B005B75D0 /* Welcome */,
			);
			path = Scenes;
			sourceTree = "<group>";
		};
		32AD7FFC21E05E6B005B75D0 /* Welcome */ = {
			isa = PBXGroup;
			children = (
				32AD7F9821CA0174005B75D0 /* Welcome.storyboard */,
			);
			path = Welcome;
			sourceTree = "<group>";
		};
		32AD7FFD21E17CE2005B75D0 /* Components */ = {
			isa = PBXGroup;
			children = (
				32AD7FFE21E180B2005B75D0 /* PigeonViewController.swift */,
			);
			path = Components;
			sourceTree = "<group>";
		};
		32AD800421E19CAF005B75D0 /* Utility */ = {
			isa = PBXGroup;
			children = (
				326B7DDD21F028AD00E8DF34 /* Swift */,
				32AD800C21E1AC7C005B75D0 /* UIKit */,
				32AD800721E19CC7005B75D0 /* RxSwift */,
			);
			path = Utility;
			sourceTree = "<group>";
		};
		32AD800721E19CC7005B75D0 /* RxSwift */ = {
			isa = PBXGroup;
			children = (
				32AD800821E19CDE005B75D0 /* LimitingScheduler.swift */,
			);
			path = RxSwift;
			sourceTree = "<group>";
		};
		32AD800C21E1AC7C005B75D0 /* UIKit */ = {
			isa = PBXGroup;
			children = (
				32AD800D21E1AC88005B75D0 /* UIView+Constraints.swift */,
				32AD801121E288D4005B75D0 /* UIColor+Named.swift */,
			);
			path = UIKit;
			sourceTree = "<group>";
		};
		32AD801721E2A039005B75D0 /* ECS */ = {
			isa = PBXGroup;
			children = (
				326B7DD021F024C900E8DF34 /* Components */,
				326B7DD321F024EC00E8DF34 /* Systems */,
				32AD801821E2A04B005B75D0 /* Entity.swift */,
				32AD801521E29FE5005B75D0 /* Component.swift */,
				32AD801A21E2A184005B75D0 /* System.swift */,
			);
			path = ECS;
			sourceTree = "<group>";
		};
/* End PBXGroup section */

/* Begin PBXNativeTarget section */
		32AD7F9021CA0173005B75D0 /* Pigeon */ = {
			isa = PBXNativeTarget;
			buildConfigurationList = 32AD7FA321CA0176005B75D0 /* Build configuration list for PBXNativeTarget "Pigeon" */;
			buildPhases = (
				32AD7FBB21CA23B9005B75D0 /* Copy Carthage Frameworks */,
				32AD7F8D21CA0173005B75D0 /* Sources */,
				32AD7F8E21CA0173005B75D0 /* Frameworks */,
				32AD7F8F21CA0173005B75D0 /* Resources */,
				32AD7FB621CA22E9005B75D0 /* Embed Frameworks */,
			);
			buildRules = (
			);
			dependencies = (
			);
			name = Pigeon;
			productName = Pigeon;
			productReference = 32AD7F9121CA0174005B75D0 /* Pigeon.app */;
			productType = "com.apple.product-type.application";
		};
/* End PBXNativeTarget section */

/* Begin PBXProject section */
		32AD7F8921CA0173005B75D0 /* Project object */ = {
			isa = PBXProject;
			attributes = {
				LastSwiftUpdateCheck = 1010;
				LastUpgradeCheck = 1010;
				ORGANIZATIONNAME = "Cameron Eldridge";
				TargetAttributes = {
					32AD7F9021CA0173005B75D0 = {
						CreatedOnToolsVersion = 10.1;
					};
				};
			};
			buildConfigurationList = 32AD7F8C21CA0173005B75D0 /* Build configuration list for PBXProject "Pigeon" */;
			compatibilityVersion = "Xcode 9.3";
			developmentRegion = en;
			hasScannedForEncodings = 0;
			knownRegions = (
				en,
				Base,
			);
			mainGroup = 32AD7F8821CA0173005B75D0;
			productRefGroup = 32AD7F9221CA0174005B75D0 /* Products */;
			projectDirPath = "";
			projectRoot = "";
			targets = (
				32AD7F9021CA0173005B75D0 /* Pigeon */,
			);
		};
/* End PBXProject section */

/* Begin PBXResourcesBuildPhase section */
		32AD7F8F21CA0173005B75D0 /* Resources */ = {
			isa = PBXResourcesBuildPhase;
			buildActionMask = 2147483647;
			files = (
				32AD801021E2883F005B75D0 /* Colors.xcassets in Resources */,
				32AD7F9F21CA0176005B75D0 /* LaunchScreen.storyboard in Resources */,
				32AD7F9C21CA0176005B75D0 /* Assets.xcassets in Resources */,
				32AD7FB221CA222B005B75D0 /* Cartfile in Resources */,
				32AD7F9A21CA0174005B75D0 /* Welcome.storyboard in Resources */,
			);
			runOnlyForDeploymentPostprocessing = 0;
		};
/* End PBXResourcesBuildPhase section */

/* Begin PBXShellScriptBuildPhase section */
		32AD7FBB21CA23B9005B75D0 /* Copy Carthage Frameworks */ = {
			isa = PBXShellScriptBuildPhase;
			buildActionMask = 2147483647;
			files = (
			);
			inputFileListPaths = (
			);
			inputPaths = (
				"$(SRCROOT)/Carthage/Build/iOS/Strongbox.framework",
				"$(SRCROOT)/Carthage/Build/iOS/CryptoSwift.framework",
				"$(SRCROOT)/Carthage/Build/iOS/RxCocoa.framework",
				"$(SRCROOT)/Carthage/Build/iOS/RxSwift.framework",
				"$(SRCROOT)/Carthage/Build/iOS/QRCode.framework",
				"$(SRCROOT)/Carthage/Build/iOS/Gzip.framework",
				"$(SRCROOT)/Carthage/Build/iOS/SQLite.framework",
			);
			name = "Copy Carthage Frameworks";
			outputFileListPaths = (
			);
			outputPaths = (
				"$(BUILT_PRODUCTS_DIR)/$(FRAMEWORKS_FOLDER_PATH)/Strongbox.framework",
				"$(BUILT_PRODUCTS_DIR)/$(FRAMEWORKS_FOLDER_PATH)/CryptoSwift.framework",
				"$(BUILT_PRODUCTS_DIR)/$(FRAMEWORKS_FOLDER_PATH)/RxCocoa.framework",
				"$(BUILT_PRODUCTS_DIR)/$(FRAMEWORKS_FOLDER_PATH)/RxSwift.framework",
				"$(BUILT_PRODUCTS_DIR)/$(FRAMEWORKS_FOLDER_PATH)/QRCode.framework",
				"$(BUILT_PRODUCTS_DIR)/$(FRAMEWORKS_FOLDER_PATH)/Gzip.framework",
				"$(BUILT_PRODUCTS_DIR)/$(FRAMEWORKS_FOLDER_PATH)/SQLite.framework",
			);
			runOnlyForDeploymentPostprocessing = 0;
			shellPath = /bin/sh;
			shellScript = "/usr/local/bin/carthage copy-frameworks\n";
		};
/* End PBXShellScriptBuildPhase section */

/* Begin PBXSourcesBuildPhase section */
		32AD7F8D21CA0173005B75D0 /* Sources */ = {
			isa = PBXSourcesBuildPhase;
			buildActionMask = 2147483647;
			files = (
				32AD7FFF21E180B2005B75D0 /* PigeonViewController.swift in Sources */,
				32AD801621E29FE5005B75D0 /* Component.swift in Sources */,
				32AD801921E2A04B005B75D0 /* Entity.swift in Sources */,
				32AD801221E288D4005B75D0 /* UIColor+Named.swift in Sources */,
				32AD7FEE21CBF06E005B75D0 /* Compressed.swift in Sources */,
				32AD7FD121CAA424005B75D0 /* VerificationKey.swift in Sources */,
				326B7DEE21F02EF700E8DF34 /* OnlineReference.swift in Sources */,
				326B7DE321F02CB200E8DF34 /* Gender.swift in Sources */,
				326B7DF221F02F7900E8DF34 /* PhoneNumber.swift in Sources */,
				326B7DE121F02BA700E8DF34 /* EntityType.swift in Sources */,
				326B7DDF21F028B700E8DF34 /* Int.swift in Sources */,
				326B7DD721F025D700E8DF34 /* FullName.swift in Sources */,
				32AD800E21E1AC88005B75D0 /* UIView+Constraints.swift in Sources */,
				326B7DF021F02F4700E8DF34 /* Email.swift in Sources */,
				326B7DEC21F02E7100E8DF34 /* Shareable.swift in Sources */,
				32AD7FC121CA2952005B75D0 /* Data+Security.swift in Sources */,
				32AD7FE221CB10FF005B75D0 /* KeyPair.swift in Sources */,
				32AD7FD321CAA4FA005B75D0 /* EncryptionKey.swift in Sources */,
				32AD7FA921CA14C0005B75D0 /* Token.swift in Sources */,
				326B7DDC21F0279800E8DF34 /* Month.swift in Sources */,
				32AD7FDE21CB0F77005B75D0 /* Encrypted.swift in Sources */,
				32AD7FC521CA30F8005B75D0 /* Networking.swift in Sources */,
				32AD7FD521CAAB50005B75D0 /* Storage.swift in Sources */,
				32AD7FE521CB1764005B75D0 /* AlectroenasMadagascariensis.swift in Sources */,
				32AD7FEC21CB6D1F005B75D0 /* KeyManager.swift in Sources */,
				326B7DDA21F0271700E8DF34 /* Birthday.swift in Sources */,
				32AD7FE721CB19FB005B75D0 /* PigeonProtocol.swift in Sources */,
				32AD801B21E2A184005B75D0 /* System.swift in Sources */,
				326B7DE621F02D6300E8DF34 /* PostTitle.swift in Sources */,
				32AD7FDC21CB0E83005B75D0 /* Signed.swift in Sources */,
				32AD7FF321CC578D005B75D0 /* Serializer.swift in Sources */,
				326B7DF421F0312100E8DF34 /* Biography.swift in Sources */,
				32AD800921E19CDE005B75D0 /* LimitingScheduler.swift in Sources */,
				32AD7F9521CA0174005B75D0 /* AppDelegate.swift in Sources */,
				326B7DE821F02DAF00E8DF34 /* SharedBy.swift in Sources */,
				326B7DEA21F02E4100E8DF34 /* Author.swift in Sources */,
			);
			runOnlyForDeploymentPostprocessing = 0;
		};
/* End PBXSourcesBuildPhase section */

/* Begin PBXVariantGroup section */
		32AD7F9821CA0174005B75D0 /* Welcome.storyboard */ = {
			isa = PBXVariantGroup;
			children = (
				32AD7F9921CA0174005B75D0 /* Base */,
			);
			name = Welcome.storyboard;
			sourceTree = "<group>";
		};
		32AD7F9D21CA0176005B75D0 /* LaunchScreen.storyboard */ = {
			isa = PBXVariantGroup;
			children = (
				32AD7F9E21CA0176005B75D0 /* Base */,
			);
			name = LaunchScreen.storyboard;
			sourceTree = "<group>";
		};
/* End PBXVariantGroup section */

/* Begin XCBuildConfiguration section */
		32AD7FA121CA0176005B75D0 /* Debug */ = {
			isa = XCBuildConfiguration;
			buildSettings = {
				ALWAYS_SEARCH_USER_PATHS = NO;
				CLANG_ANALYZER_NONNULL = YES;
				CLANG_ANALYZER_NUMBER_OBJECT_CONVERSION = YES_AGGRESSIVE;
				CLANG_CXX_LANGUAGE_STANDARD = "gnu++14";
				CLANG_CXX_LIBRARY = "libc++";
				CLANG_ENABLE_MODULES = YES;
				CLANG_ENABLE_OBJC_ARC = YES;
				CLANG_ENABLE_OBJC_WEAK = YES;
				CLANG_WARN_BLOCK_CAPTURE_AUTORELEASING = YES;
				CLANG_WARN_BOOL_CONVERSION = YES;
				CLANG_WARN_COMMA = YES;
				CLANG_WARN_CONSTANT_CONVERSION = YES;
				CLANG_WARN_DEPRECATED_OBJC_IMPLEMENTATIONS = YES;
				CLANG_WARN_DIRECT_OBJC_ISA_USAGE = YES_ERROR;
				CLANG_WARN_DOCUMENTATION_COMMENTS = YES;
				CLANG_WARN_EMPTY_BODY = YES;
				CLANG_WARN_ENUM_CONVERSION = YES;
				CLANG_WARN_INFINITE_RECURSION = YES;
				CLANG_WARN_INT_CONVERSION = YES;
				CLANG_WARN_NON_LITERAL_NULL_CONVERSION = YES;
				CLANG_WARN_OBJC_IMPLICIT_RETAIN_SELF = YES;
				CLANG_WARN_OBJC_LITERAL_CONVERSION = YES;
				CLANG_WARN_OBJC_ROOT_CLASS = YES_ERROR;
				CLANG_WARN_RANGE_LOOP_ANALYSIS = YES;
				CLANG_WARN_STRICT_PROTOTYPES = YES;
				CLANG_WARN_SUSPICIOUS_MOVE = YES;
				CLANG_WARN_UNGUARDED_AVAILABILITY = YES_AGGRESSIVE;
				CLANG_WARN_UNREACHABLE_CODE = YES;
				CLANG_WARN__DUPLICATE_METHOD_MATCH = YES;
				CODE_SIGN_IDENTITY = "iPhone Developer";
				COPY_PHASE_STRIP = NO;
				DEBUG_INFORMATION_FORMAT = dwarf;
				ENABLE_STRICT_OBJC_MSGSEND = YES;
				ENABLE_TESTABILITY = YES;
				GCC_C_LANGUAGE_STANDARD = gnu11;
				GCC_DYNAMIC_NO_PIC = NO;
				GCC_NO_COMMON_BLOCKS = YES;
				GCC_OPTIMIZATION_LEVEL = 0;
				GCC_PREPROCESSOR_DEFINITIONS = (
					"DEBUG=1",
					"$(inherited)",
				);
				GCC_WARN_64_TO_32_BIT_CONVERSION = YES;
				GCC_WARN_ABOUT_RETURN_TYPE = YES_ERROR;
				GCC_WARN_UNDECLARED_SELECTOR = YES;
				GCC_WARN_UNINITIALIZED_AUTOS = YES_AGGRESSIVE;
				GCC_WARN_UNUSED_FUNCTION = YES;
				GCC_WARN_UNUSED_VARIABLE = YES;
				IPHONEOS_DEPLOYMENT_TARGET = 12.1;
				MTL_ENABLE_DEBUG_INFO = INCLUDE_SOURCE;
				MTL_FAST_MATH = YES;
				ONLY_ACTIVE_ARCH = YES;
				SDKROOT = iphoneos;
				SWIFT_ACTIVE_COMPILATION_CONDITIONS = DEBUG;
				SWIFT_OPTIMIZATION_LEVEL = "-Onone";
			};
			name = Debug;
		};
		32AD7FA221CA0176005B75D0 /* Release */ = {
			isa = XCBuildConfiguration;
			buildSettings = {
				ALWAYS_SEARCH_USER_PATHS = NO;
				CLANG_ANALYZER_NONNULL = YES;
				CLANG_ANALYZER_NUMBER_OBJECT_CONVERSION = YES_AGGRESSIVE;
				CLANG_CXX_LANGUAGE_STANDARD = "gnu++14";
				CLANG_CXX_LIBRARY = "libc++";
				CLANG_ENABLE_MODULES = YES;
				CLANG_ENABLE_OBJC_ARC = YES;
				CLANG_ENABLE_OBJC_WEAK = YES;
				CLANG_WARN_BLOCK_CAPTURE_AUTORELEASING = YES;
				CLANG_WARN_BOOL_CONVERSION = YES;
				CLANG_WARN_COMMA = YES;
				CLANG_WARN_CONSTANT_CONVERSION = YES;
				CLANG_WARN_DEPRECATED_OBJC_IMPLEMENTATIONS = YES;
				CLANG_WARN_DIRECT_OBJC_ISA_USAGE = YES_ERROR;
				CLANG_WARN_DOCUMENTATION_COMMENTS = YES;
				CLANG_WARN_EMPTY_BODY = YES;
				CLANG_WARN_ENUM_CONVERSION = YES;
				CLANG_WARN_INFINITE_RECURSION = YES;
				CLANG_WARN_INT_CONVERSION = YES;
				CLANG_WARN_NON_LITERAL_NULL_CONVERSION = YES;
				CLANG_WARN_OBJC_IMPLICIT_RETAIN_SELF = YES;
				CLANG_WARN_OBJC_LITERAL_CONVERSION = YES;
				CLANG_WARN_OBJC_ROOT_CLASS = YES_ERROR;
				CLANG_WARN_RANGE_LOOP_ANALYSIS = YES;
				CLANG_WARN_STRICT_PROTOTYPES = YES;
				CLANG_WARN_SUSPICIOUS_MOVE = YES;
				CLANG_WARN_UNGUARDED_AVAILABILITY = YES_AGGRESSIVE;
				CLANG_WARN_UNREACHABLE_CODE = YES;
				CLANG_WARN__DUPLICATE_METHOD_MATCH = YES;
				CODE_SIGN_IDENTITY = "iPhone Developer";
				COPY_PHASE_STRIP = NO;
				DEBUG_INFORMATION_FORMAT = "dwarf-with-dsym";
				ENABLE_NS_ASSERTIONS = NO;
				ENABLE_STRICT_OBJC_MSGSEND = YES;
				GCC_C_LANGUAGE_STANDARD = gnu11;
				GCC_NO_COMMON_BLOCKS = YES;
				GCC_WARN_64_TO_32_BIT_CONVERSION = YES;
				GCC_WARN_ABOUT_RETURN_TYPE = YES_ERROR;
				GCC_WARN_UNDECLARED_SELECTOR = YES;
				GCC_WARN_UNINITIALIZED_AUTOS = YES_AGGRESSIVE;
				GCC_WARN_UNUSED_FUNCTION = YES;
				GCC_WARN_UNUSED_VARIABLE = YES;
				IPHONEOS_DEPLOYMENT_TARGET = 12.1;
				MTL_ENABLE_DEBUG_INFO = NO;
				MTL_FAST_MATH = YES;
				SDKROOT = iphoneos;
				SWIFT_COMPILATION_MODE = wholemodule;
				SWIFT_OPTIMIZATION_LEVEL = "-O";
				VALIDATE_PRODUCT = YES;
			};
			name = Release;
		};
		32AD7FA421CA0176005B75D0 /* Debug */ = {
			isa = XCBuildConfiguration;
			buildSettings = {
				ASSETCATALOG_COMPILER_APPICON_NAME = AppIcon;
				CODE_SIGN_STYLE = Automatic;
				DEVELOPMENT_TEAM = KT5TYPEMWT;
				FRAMEWORK_SEARCH_PATHS = (
					"$(inherited)",
					"$(PROJECT_DIR)/Carthage/Build/iOS",
				);
				INFOPLIST_FILE = Pigeon/Info.plist;
				LD_RUNPATH_SEARCH_PATHS = (
					"$(inherited)",
					"@executable_path/Frameworks",
				);
				PRODUCT_BUNDLE_IDENTIFIER = com.cameldridge.Pigeon;
				PRODUCT_NAME = "$(TARGET_NAME)";
				SWIFT_VERSION = 4.2;
				TARGETED_DEVICE_FAMILY = "1,2";
			};
			name = Debug;
		};
		32AD7FA521CA0176005B75D0 /* Release */ = {
			isa = XCBuildConfiguration;
			buildSettings = {
				ASSETCATALOG_COMPILER_APPICON_NAME = AppIcon;
				CODE_SIGN_STYLE = Automatic;
				DEVELOPMENT_TEAM = KT5TYPEMWT;
				FRAMEWORK_SEARCH_PATHS = (
					"$(inherited)",
					"$(PROJECT_DIR)/Carthage/Build/iOS",
				);
				INFOPLIST_FILE = Pigeon/Info.plist;
				LD_RUNPATH_SEARCH_PATHS = (
					"$(inherited)",
					"@executable_path/Frameworks",
				);
				PRODUCT_BUNDLE_IDENTIFIER = com.cameldridge.Pigeon;
				PRODUCT_NAME = "$(TARGET_NAME)";
				SWIFT_VERSION = 4.2;
				TARGETED_DEVICE_FAMILY = "1,2";
			};
			name = Release;
		};
/* End XCBuildConfiguration section */

/* Begin XCConfigurationList section */
		32AD7F8C21CA0173005B75D0 /* Build configuration list for PBXProject "Pigeon" */ = {
			isa = XCConfigurationList;
			buildConfigurations = (
				32AD7FA121CA0176005B75D0 /* Debug */,
				32AD7FA221CA0176005B75D0 /* Release */,
			);
			defaultConfigurationIsVisible = 0;
			defaultConfigurationName = Release;
		};
		32AD7FA321CA0176005B75D0 /* Build configuration list for PBXNativeTarget "Pigeon" */ = {
			isa = XCConfigurationList;
			buildConfigurations = (
				32AD7FA421CA0176005B75D0 /* Debug */,
				32AD7FA521CA0176005B75D0 /* Release */,
			);
			defaultConfigurationIsVisible = 0;
			defaultConfigurationName = Release;
		};
/* End XCConfigurationList section */
	};
	rootObject = 32AD7F8921CA0173005B75D0 /* Project object */;
}
