{
  "object": {
    "pins": [
      {
        "package": "Valet",
        "repositoryURL": "https://github.com/Square/Valet",
        "state": {
          "branch": null,
          "revision": "bb7745c5beac46769a7db817e9810252f9ffa80c",
          "version": "3.2.7"
        }
      }
    ]
  },
  "version": 1
}
